
Microsoft Visual Studio Solution File, Format Version 12.00
# Visual Studio 15
VisualStudioVersion = 15.0.28010.2041
MinimumVisualStudioVersion = 10.0.40219.1
Project("{FAE04EC0-301F-11D3-BF4B-00C04F79EFBC}") = "SaltedFishCrawlerFom", "SaltedFishCrawler\SaltedFishCrawlerFom.csproj", "{1D603DE6-F3F9-4C98-8730-A485EC3E7BC5}"
EndProject
Project("{2150E333-8FDC-42A3-9474-1A3956D46DE8}") = "Fish.RelyPackage", "Fish.RelyPackage", "{77833B35-6BB2-4026-83A3-B062B32EBB27}"
EndProject
Project("{FAE04EC0-301F-11D3-BF4B-00C04F79EFBC}") = "Core", "Core\Core.csproj", "{6A50DF0D-3B2A-4172-99EB-AB3CDB4C603E}"
EndProject
Project("{2150E333-8FDC-42A3-9474-1A3956D46DE8}") = "Fish.Test", "Fish.Test", "{0A010BBA-13F4-4D31-AACB-C0518EE8EBBB}"
EndProject
Project("{FAE04EC0-301F-11D3-BF4B-00C04F79EFBC}") = "FishTest", "FishTest\FishTest.csproj", "{0D5C2E1E-2888-4B5A-9D20-5D2EA8ABAB7B}"
EndProject
Project("{FAE04EC0-301F-11D3-BF4B-00C04F79EFBC}") = "Utils", "Utils\Utils.csproj", "{89443ED2-27FD-4460-8F4F-7033CF9FFF26}"
EndProject
Project("{FAE04EC0-301F-11D3-BF4B-00C04F79EFBC}") = "Data", "Data\Data.csproj", "{0FFCB27C-A0A2-4FF3-9E86-344A12305F06}"
EndProject
Project("{FAE04EC0-301F-11D3-BF4B-00C04F79EFBC}") = "WorkFlow", "WorkFlow\WorkFlow.csproj", "{24F876AF-86B1-400A-ABE9-074D5361AF88}"
EndProject
Project("{FAE04EC0-301F-11D3-BF4B-00C04F79EFBC}") = "WeiCaiWebCore", "WeiCaiWebCore\WeiCaiWebCore.csproj", "{9DA0004C-6F47-4FE9-BE93-8CF6CB54878F}"
EndProject
Project("{FAE04EC0-301F-11D3-BF4B-00C04F79EFBC}") = "BLL", "BLL\BLL.csproj", "{C8078B9C-76F8-4E9A-8C1F-86B351E0AEDA}"
EndProject
Project("{FAE04EC0-301F-11D3-BF4B-00C04F79EFBC}") = "DAL", "DAL\DAL.csproj", "{BE91E162-B977-44E0-82A2-3203F671A7E4}"
EndProject
Project("{FAE04EC0-301F-11D3-BF4B-00C04F79EFBC}") = "WeiCaiConsole", "WeiCaiConsole\WeiCaiConsole.csproj", "{C5E85BB3-5BF7-448B-B683-B59CB858003C}"
EndProject
Global
	GlobalSection(SolutionConfigurationPlatforms) = preSolution
		Debug|Any CPU = Debug|Any CPU
		Release|Any CPU = Release|Any CPU
	EndGlobalSection
	GlobalSection(ProjectConfigurationPlatforms) = postSolution
		{1D603DE6-F3F9-4C98-8730-A485EC3E7BC5}.Debug|Any CPU.ActiveCfg = Debug|Any CPU
		{1D603DE6-F3F9-4C98-8730-A485EC3E7BC5}.Debug|Any CPU.Build.0 = Debug|Any CPU
		{1D603DE6-F3F9-4C98-8730-A485EC3E7BC5}.Release|Any CPU.ActiveCfg = Release|Any CPU
		{1D603DE6-F3F9-4C98-8730-A485EC3E7BC5}.Release|Any CPU.Build.0 = Release|Any CPU
		{6A50DF0D-3B2A-4172-99EB-AB3CDB4C603E}.Debug|Any CPU.ActiveCfg = Debug|Any CPU
		{6A50DF0D-3B2A-4172-99EB-AB3CDB4C603E}.Debug|Any CPU.Build.0 = Debug|Any CPU
		{6A50DF0D-3B2A-4172-99EB-AB3CDB4C603E}.Release|Any CPU.ActiveCfg = Release|Any CPU
		{6A50DF0D-3B2A-4172-99EB-AB3CDB4C603E}.Release|Any CPU.Build.0 = Release|Any CPU
		{0D5C2E1E-2888-4B5A-9D20-5D2EA8ABAB7B}.Debug|Any CPU.ActiveCfg = Debug|Any CPU
		{0D5C2E1E-2888-4B5A-9D20-5D2EA8ABAB7B}.Debug|Any CPU.Build.0 = Debug|Any CPU
		{0D5C2E1E-2888-4B5A-9D20-5D2EA8ABAB7B}.Release|Any CPU.ActiveCfg = Release|Any CPU
		{0D5C2E1E-2888-4B5A-9D20-5D2EA8ABAB7B}.Release|Any CPU.Build.0 = Release|Any CPU
		{89443ED2-27FD-4460-8F4F-7033CF9FFF26}.Debug|Any CPU.ActiveCfg = Debug|Any CPU
		{89443ED2-27FD-4460-8F4F-7033CF9FFF26}.Debug|Any CPU.Build.0 = Debug|Any CPU
		{89443ED2-27FD-4460-8F4F-7033CF9FFF26}.Release|Any CPU.ActiveCfg = Release|Any CPU
		{89443ED2-27FD-4460-8F4F-7033CF9FFF26}.Release|Any CPU.Build.0 = Release|Any CPU
		{0FFCB27C-A0A2-4FF3-9E86-344A12305F06}.Debug|Any CPU.ActiveCfg = Debug|Any CPU
		{0FFCB27C-A0A2-4FF3-9E86-344A12305F06}.Debug|Any CPU.Build.0 = Debug|Any CPU
		{0FFCB27C-A0A2-4FF3-9E86-344A12305F06}.Release|Any CPU.ActiveCfg = Release|Any CPU
		{0FFCB27C-A0A2-4FF3-9E86-344A12305F06}.Release|Any CPU.Build.0 = Release|Any CPU
		{24F876AF-86B1-400A-ABE9-074D5361AF88}.Debug|Any CPU.ActiveCfg = Debug|Any CPU
		{24F876AF-86B1-400A-ABE9-074D5361AF88}.Debug|Any CPU.Build.0 = Debug|Any CPU
		{24F876AF-86B1-400A-ABE9-074D5361AF88}.Release|Any CPU.ActiveCfg = Release|Any CPU
		{24F876AF-86B1-400A-ABE9-074D5361AF88}.Release|Any CPU.Build.0 = Release|Any CPU
		{9DA0004C-6F47-4FE9-BE93-8CF6CB54878F}.Debug|Any CPU.ActiveCfg = Debug|Any CPU
		{9DA0004C-6F47-4FE9-BE93-8CF6CB54878F}.Debug|Any CPU.Build.0 = Debug|Any CPU
		{9DA0004C-6F47-4FE9-BE93-8CF6CB54878F}.Release|Any CPU.ActiveCfg = Release|Any CPU
		{9DA0004C-6F47-4FE9-BE93-8CF6CB54878F}.Release|Any CPU.Build.0 = Release|Any CPU
		{C8078B9C-76F8-4E9A-8C1F-86B351E0AEDA}.Debug|Any CPU.ActiveCfg = Debug|Any CPU
		{C8078B9C-76F8-4E9A-8C1F-86B351E0AEDA}.Debug|Any CPU.Build.0 = Debug|Any CPU
		{C8078B9C-76F8-4E9A-8C1F-86B351E0AEDA}.Release|Any CPU.ActiveCfg = Release|Any CPU
		{C8078B9C-76F8-4E9A-8C1F-86B351E0AEDA}.Release|Any CPU.Build.0 = Release|Any CPU
		{BE91E162-B977-44E0-82A2-3203F671A7E4}.Debug|Any CPU.ActiveCfg = Debug|Any CPU
		{BE91E162-B977-44E0-82A2-3203F671A7E4}.Debug|Any CPU.Build.0 = Debug|Any CPU
		{BE91E162-B977-44E0-82A2-3203F671A7E4}.Release|Any CPU.ActiveCfg = Release|Any CPU
		{BE91E162-B977-44E0-82A2-3203F671A7E4}.Release|Any CPU.Build.0 = Release|Any CPU
		{C5E85BB3-5BF7-448B-B683-B59CB858003C}.Debug|Any CPU.ActiveCfg = Debug|Any CPU
		{C5E85BB3-5BF7-448B-B683-B59CB858003C}.Debug|Any CPU.Build.0 = Debug|Any CPU
		{C5E85BB3-5BF7-448B-B683-B59CB858003C}.Release|Any CPU.ActiveCfg = Release|Any CPU
		{C5E85BB3-5BF7-448B-B683-B59CB858003C}.Release|Any CPU.Build.0 = Release|Any CPU
	EndGlobalSection
	GlobalSection(SolutionProperties) = preSolution
		HideSolutionNode = FALSE
	EndGlobalSection
	GlobalSection(NestedProjects) = preSolution
		{6A50DF0D-3B2A-4172-99EB-AB3CDB4C603E} = {77833B35-6BB2-4026-83A3-B062B32EBB27}
		{0D5C2E1E-2888-4B5A-9D20-5D2EA8ABAB7B} = {0A010BBA-13F4-4D31-AACB-C0518EE8EBBB}
		{89443ED2-27FD-4460-8F4F-7033CF9FFF26} = {77833B35-6BB2-4026-83A3-B062B32EBB27}
		{0FFCB27C-A0A2-4FF3-9E86-344A12305F06} = {77833B35-6BB2-4026-83A3-B062B32EBB27}
		{24F876AF-86B1-400A-ABE9-074D5361AF88} = {77833B35-6BB2-4026-83A3-B062B32EBB27}
	EndGlobalSection
	GlobalSection(ExtensibilityGlobals) = postSolution
		SolutionGuid = {BBA3388C-9788-4035-AC9F-58256C03BD76}
	EndGlobalSection
	GlobalSection(ExtensibilityGlobals) = postSolution
		SolutionGuid = {BBA3388C-9788-4035-AC9F-58256C03BD76}
	EndGlobalSection
	GlobalSection(ExtensibilityGlobals) = postSolution
		SolutionGuid = {BBA3388C-9788-4035-AC9F-58256C03BD76}
	EndGlobalSection
EndGlobal
